uuid: f6a6e8f3-683b-47a9-8c8a-a64f563278f5
langcode: en
status: true
dependencies:
  content:
    - 'block_content:basic:ccde6a82-1b69-406b-882c-a5f9182f1291'
  module:
    - block_content
  theme:
    - icecream
id: icecream_hoursandlocationblock
theme: icecream
region: sidebar_first
weight: -6
provider: null
plugin: 'block_content:ccde6a82-1b69-406b-882c-a5f9182f1291'
settings:
  id: 'block_content:ccde6a82-1b69-406b-882c-a5f9182f1291'
  label: 'Hours and Location'
  provider: block_content
  label_display: visible
  status: true
  info: ''
  view_mode: full
visibility: {  }
