uuid: 937a3b29-a3a4-4320-ab4d-6b217799b320
langcode: en
status: true
dependencies:
  module:
    - signupform
    - system
  theme:
    - instagram
id: signupblock
theme: instagram
region: sidebar
weight: -12
provider: null
plugin: signup_block
settings:
  id: signup_block
  label: 'Sign up block'
  label_display: '0'
  provider: signupform
visibility:
  request_path:
    id: request_path
    negate: false
    pages: "/person-details-form\r\n/register\r\n"
